
Microsoft Visual Studio Solution File, Format Version 12.00
# Visual Studio 15
VisualStudioVersion = 15.0.28307.572
MinimumVisualStudioVersion = 10.0.40219.1
Project("{FAE04EC0-301F-11D3-BF4B-00C04F79EFBC}") = "Empresa", "Empresa\Empresa.csproj", "{F3A3A171-9CB8-46A8-9448-D5669A8550BE}"
EndProject
Global
	GlobalSection(SolutionConfigurationPlatforms) = preSolution
		Debug|Any CPU = Debug|Any CPU
		Release|Any CPU = Release|Any CPU
	EndGlobalSection
	GlobalSection(ProjectConfigurationPlatforms) = postSolution
		{F3A3A171-9CB8-46A8-9448-D5669A8550BE}.Debug|Any CPU.ActiveCfg = Debug|Any CPU
		{F3A3A171-9CB8-46A8-9448-D5669A8550BE}.Debug|Any CPU.Build.0 = Debug|Any CPU
		{F3A3A171-9CB8-46A8-9448-D5669A8550BE}.Release|Any CPU.ActiveCfg = Release|Any CPU
		{F3A3A171-9CB8-46A8-9448-D5669A8550BE}.Release|Any CPU.Build.0 = Release|Any CPU
	EndGlobalSection
	GlobalSection(SolutionProperties) = preSolution
		HideSolutionNode = FALSE
	EndGlobalSection
	GlobalSection(ExtensibilityGlobals) = postSolution
		SolutionGuid = {A92A797F-FF49-48C1-B4E7-BBBBF2D4A521}
	EndGlobalSection
EndGlobal
